
Microsoft Visual Studio Solution File, Format Version 12.00
# Visual Studio Version 17
VisualStudioVersion = 17.5.002.0
MinimumVisualStudioVersion = 10.0.40219.1
Project("{9A19103F-16F7-4668-BE54-9A1E7A4F7556}") = "IOT_API", "IOT_API.csproj", "{8F106FCD-E8D9-4AED-B2C9-521B0BFB12EE}"
EndProject
Global
	GlobalSection(SolutionConfigurationPlatforms) = preSolution
		Debug|Any CPU = Debug|Any CPU
		Release|Any CPU = Release|Any CPU
	EndGlobalSection
	GlobalSection(ProjectConfigurationPlatforms) = postSolution
		{8F106FCD-E8D9-4AED-B2C9-521B0BFB12EE}.Debug|Any CPU.ActiveCfg = Debug|Any CPU
		{8F106FCD-E8D9-4AED-B2C9-521B0BFB12EE}.Debug|Any CPU.Build.0 = Debug|Any CPU
		{8F106FCD-E8D9-4AED-B2C9-521B0BFB12EE}.Release|Any CPU.ActiveCfg = Release|Any CPU
		{8F106FCD-E8D9-4AED-B2C9-521B0BFB12EE}.Release|Any CPU.Build.0 = Release|Any CPU
	EndGlobalSection
	GlobalSection(SolutionProperties) = preSolution
		HideSolutionNode = FALSE
	EndGlobalSection
	GlobalSection(ExtensibilityGlobals) = postSolution
		SolutionGuid = {D48AAB44-CEAD-474E-8FBB-A9F8B6822C50}
	EndGlobalSection
EndGlobal
